
Microsoft Visual Studio Solution File, Format Version 12.00
# Visual Studio 2012
Project("{FAE04EC0-301F-11D3-BF4B-00C04F79EFBC}") = "LaminhCMS.Library", "LaminhCMS\LaminhCMS.Library.csproj", "{5169EE21-918C-43E2-9C84-BBBFCF5915A8}"
EndProject
Project("{FAE04EC0-301F-11D3-BF4B-00C04F79EFBC}") = "LaminhCMS.Web", "LaminhCMS.Web\LaminhCMS.Web.csproj", "{329B00B8-4693-468B-AE18-C3F3AF038C50}"
EndProject
Project("{2150E333-8FDC-42A3-9474-1A3956D46DE8}") = "Data Layer", "Data Layer", "{42B0F75D-2798-4E65-B6BD-D55AFB9A651E}"
EndProject
Project("{FAE04EC0-301F-11D3-BF4B-00C04F79EFBC}") = "DataObjects", "DataObjects\DataObjects.csproj", "{33639EE2-BDDD-4F69-8533-B5FA02A57E40}"
EndProject
Project("{2150E333-8FDC-42A3-9474-1A3956D46DE8}") = "Business Layer", "Business Layer", "{F022562B-2AB8-49CC-A0B7-5F7CFE009EEE}"
EndProject
Project("{FAE04EC0-301F-11D3-BF4B-00C04F79EFBC}") = "BusinessObject", "BusinessObject\BusinessObject.csproj", "{7290BFFF-3A5D-4D47-9AE8-7318AE897D2F}"
EndProject
Project("{2150E333-8FDC-42A3-9474-1A3956D46DE8}") = "Client", "Client", "{6066869C-1785-4EB4-9FEC-5E32FB6FEE6B}"
EndProject
Project("{2150E333-8FDC-42A3-9474-1A3956D46DE8}") = "Framework", "Framework", "{75CA27AA-7502-41CF-A916-13844A4CCF0E}"
EndProject
Project("{2150E333-8FDC-42A3-9474-1A3956D46DE8}") = "Service", "Service", "{71C65EDD-7C96-42A4-B9F6-BDCA8A71B1EE}"
EndProject
Project("{FAE04EC0-301F-11D3-BF4B-00C04F79EFBC}") = "Service", "Service\Service.csproj", "{D21DE022-1A51-4EE2-B560-1C308245EC5A}"
EndProject
Project("{FAE04EC0-301F-11D3-BF4B-00C04F79EFBC}") = "ServiceWcfSefthost", "ServiceWcfSefthost\ServiceWcfSefthost.csproj", "{BDF3BFFC-2287-4F15-9B17-EC2C374F24EB}"
EndProject
Project("{FAE04EC0-301F-11D3-BF4B-00C04F79EFBC}") = "Laminh.CMS.WinForm", "Laminh.CMS.WinForm\Laminh.CMS.WinForm.csproj", "{8BCC1E0A-EA58-414B-89DA-5EAADD9B4523}"
	ProjectSection(ProjectDependencies) = postProject
		{BDF3BFFC-2287-4F15-9B17-EC2C374F24EB} = {BDF3BFFC-2287-4F15-9B17-EC2C374F24EB}
	EndProjectSection
EndProject
Global
	GlobalSection(SolutionConfigurationPlatforms) = preSolution
		Debug|Any CPU = Debug|Any CPU
		Release|Any CPU = Release|Any CPU
	EndGlobalSection
	GlobalSection(ProjectConfigurationPlatforms) = postSolution
		{5169EE21-918C-43E2-9C84-BBBFCF5915A8}.Debug|Any CPU.ActiveCfg = Debug|Any CPU
		{5169EE21-918C-43E2-9C84-BBBFCF5915A8}.Debug|Any CPU.Build.0 = Debug|Any CPU
		{5169EE21-918C-43E2-9C84-BBBFCF5915A8}.Release|Any CPU.ActiveCfg = Release|Any CPU
		{5169EE21-918C-43E2-9C84-BBBFCF5915A8}.Release|Any CPU.Build.0 = Release|Any CPU
		{329B00B8-4693-468B-AE18-C3F3AF038C50}.Debug|Any CPU.ActiveCfg = Debug|Any CPU
		{329B00B8-4693-468B-AE18-C3F3AF038C50}.Debug|Any CPU.Build.0 = Debug|Any CPU
		{329B00B8-4693-468B-AE18-C3F3AF038C50}.Release|Any CPU.ActiveCfg = Release|Any CPU
		{329B00B8-4693-468B-AE18-C3F3AF038C50}.Release|Any CPU.Build.0 = Release|Any CPU
		{33639EE2-BDDD-4F69-8533-B5FA02A57E40}.Debug|Any CPU.ActiveCfg = Debug|Any CPU
		{33639EE2-BDDD-4F69-8533-B5FA02A57E40}.Debug|Any CPU.Build.0 = Debug|Any CPU
		{33639EE2-BDDD-4F69-8533-B5FA02A57E40}.Release|Any CPU.ActiveCfg = Release|Any CPU
		{33639EE2-BDDD-4F69-8533-B5FA02A57E40}.Release|Any CPU.Build.0 = Release|Any CPU
		{7290BFFF-3A5D-4D47-9AE8-7318AE897D2F}.Debug|Any CPU.ActiveCfg = Debug|Any CPU
		{7290BFFF-3A5D-4D47-9AE8-7318AE897D2F}.Debug|Any CPU.Build.0 = Debug|Any CPU
		{7290BFFF-3A5D-4D47-9AE8-7318AE897D2F}.Release|Any CPU.ActiveCfg = Release|Any CPU
		{7290BFFF-3A5D-4D47-9AE8-7318AE897D2F}.Release|Any CPU.Build.0 = Release|Any CPU
		{D21DE022-1A51-4EE2-B560-1C308245EC5A}.Debug|Any CPU.ActiveCfg = Debug|Any CPU
		{D21DE022-1A51-4EE2-B560-1C308245EC5A}.Debug|Any CPU.Build.0 = Debug|Any CPU
		{D21DE022-1A51-4EE2-B560-1C308245EC5A}.Release|Any CPU.ActiveCfg = Release|Any CPU
		{D21DE022-1A51-4EE2-B560-1C308245EC5A}.Release|Any CPU.Build.0 = Release|Any CPU
		{BDF3BFFC-2287-4F15-9B17-EC2C374F24EB}.Debug|Any CPU.ActiveCfg = Debug|Any CPU
		{BDF3BFFC-2287-4F15-9B17-EC2C374F24EB}.Debug|Any CPU.Build.0 = Debug|Any CPU
		{BDF3BFFC-2287-4F15-9B17-EC2C374F24EB}.Release|Any CPU.ActiveCfg = Release|Any CPU
		{BDF3BFFC-2287-4F15-9B17-EC2C374F24EB}.Release|Any CPU.Build.0 = Release|Any CPU
		{8BCC1E0A-EA58-414B-89DA-5EAADD9B4523}.Debug|Any CPU.ActiveCfg = Debug|Any CPU
		{8BCC1E0A-EA58-414B-89DA-5EAADD9B4523}.Debug|Any CPU.Build.0 = Debug|Any CPU
		{8BCC1E0A-EA58-414B-89DA-5EAADD9B4523}.Release|Any CPU.ActiveCfg = Release|Any CPU
		{8BCC1E0A-EA58-414B-89DA-5EAADD9B4523}.Release|Any CPU.Build.0 = Release|Any CPU
	EndGlobalSection
	GlobalSection(SolutionProperties) = preSolution
		HideSolutionNode = FALSE
	EndGlobalSection
	GlobalSection(NestedProjects) = preSolution
		{5169EE21-918C-43E2-9C84-BBBFCF5915A8} = {75CA27AA-7502-41CF-A916-13844A4CCF0E}
		{329B00B8-4693-468B-AE18-C3F3AF038C50} = {6066869C-1785-4EB4-9FEC-5E32FB6FEE6B}
		{8BCC1E0A-EA58-414B-89DA-5EAADD9B4523} = {6066869C-1785-4EB4-9FEC-5E32FB6FEE6B}
		{33639EE2-BDDD-4F69-8533-B5FA02A57E40} = {42B0F75D-2798-4E65-B6BD-D55AFB9A651E}
		{7290BFFF-3A5D-4D47-9AE8-7318AE897D2F} = {F022562B-2AB8-49CC-A0B7-5F7CFE009EEE}
		{D21DE022-1A51-4EE2-B560-1C308245EC5A} = {71C65EDD-7C96-42A4-B9F6-BDCA8A71B1EE}
		{BDF3BFFC-2287-4F15-9B17-EC2C374F24EB} = {71C65EDD-7C96-42A4-B9F6-BDCA8A71B1EE}
	EndGlobalSection
EndGlobal
